
Microsoft Visual Studio Solution File, Format Version 12.00
# Visual Studio 2012
Project("{FAE04EC0-301F-11D3-BF4B-00C04F79EFBC}") = "DeckAlchemist.Api", "DeckAlchemist.Api\DeckAlchemist.Api.csproj", "{DAEF767E-F8F1-4B2E-839B-7CBF12D572F4}"
EndProject
Project("{FAE04EC0-301F-11D3-BF4B-00C04F79EFBC}") = "DeckAlchemist.WebApp", "DeckAlchemist.WebApp\DeckAlchemist.WebApp.csproj", "{F011652F-F1FD-43CE-B5EB-0C45BDD356E9}"
EndProject
Project("{FAE04EC0-301F-11D3-BF4B-00C04F79EFBC}") = "DeckAlchemist.Collector", "DeckAlchemist.Collector\DeckAlchemist.Collector.csproj", "{77D16250-71ED-48B0-AE05-7C7D6F3041A7}"
EndProject
Project("{E53339B2-1760-4266-BCC7-CA923CBCF16C}") = "docker-compose", "docker-compose.dcproj", "{592DAC50-89CE-4699-A283-C4C275629162}"
EndProject
Global
	GlobalSection(SolutionConfigurationPlatforms) = preSolution
		Debug|Any CPU = Debug|Any CPU
		Release|Any CPU = Release|Any CPU
	EndGlobalSection
	GlobalSection(ProjectConfigurationPlatforms) = postSolution
		{DAEF767E-F8F1-4B2E-839B-7CBF12D572F4}.Debug|Any CPU.ActiveCfg = Debug|Any CPU
		{DAEF767E-F8F1-4B2E-839B-7CBF12D572F4}.Debug|Any CPU.Build.0 = Debug|Any CPU
		{DAEF767E-F8F1-4B2E-839B-7CBF12D572F4}.Release|Any CPU.ActiveCfg = Release|Any CPU
		{DAEF767E-F8F1-4B2E-839B-7CBF12D572F4}.Release|Any CPU.Build.0 = Release|Any CPU
		{F011652F-F1FD-43CE-B5EB-0C45BDD356E9}.Debug|Any CPU.ActiveCfg = Debug|Any CPU
		{F011652F-F1FD-43CE-B5EB-0C45BDD356E9}.Debug|Any CPU.Build.0 = Debug|Any CPU
		{F011652F-F1FD-43CE-B5EB-0C45BDD356E9}.Release|Any CPU.ActiveCfg = Release|Any CPU
		{F011652F-F1FD-43CE-B5EB-0C45BDD356E9}.Release|Any CPU.Build.0 = Release|Any CPU
		{77D16250-71ED-48B0-AE05-7C7D6F3041A7}.Debug|Any CPU.ActiveCfg = Debug|Any CPU
		{77D16250-71ED-48B0-AE05-7C7D6F3041A7}.Debug|Any CPU.Build.0 = Debug|Any CPU
		{77D16250-71ED-48B0-AE05-7C7D6F3041A7}.Release|Any CPU.ActiveCfg = Release|Any CPU
		{77D16250-71ED-48B0-AE05-7C7D6F3041A7}.Release|Any CPU.Build.0 = Release|Any CPU
		{592DAC50-89CE-4699-A283-C4C275629162}.Debug|Any CPU.ActiveCfg = Debug|Any CPU
		{592DAC50-89CE-4699-A283-C4C275629162}.Debug|Any CPU.Build.0 = Debug|Any CPU
		{592DAC50-89CE-4699-A283-C4C275629162}.Release|Any CPU.ActiveCfg = Release|Any CPU
		{592DAC50-89CE-4699-A283-C4C275629162}.Release|Any CPU.Build.0 = Release|Any CPU
	EndGlobalSection
EndGlobal
